
Microsoft Visual Studio Solution File, Format Version 12.00
# Visual Studio Version 17
VisualStudioVersion = 17.9.34723.18
MinimumVisualStudioVersion = 10.0.40219.1
Project("{FAE04EC0-301F-11D3-BF4B-00C04F79EFBC}") = "wtf", "wtf.csproj", "{BEF38739-533D-4AB5-B1A0-2454CDCF509D}"
EndProject
Global
	GlobalSection(SolutionConfigurationPlatforms) = preSolution
		Debug|Any CPU = Debug|Any CPU
		Release|Any CPU = Release|Any CPU
	EndGlobalSection
	GlobalSection(ProjectConfigurationPlatforms) = postSolution
		{BEF38739-533D-4AB5-B1A0-2454CDCF509D}.Debug|Any CPU.ActiveCfg = Debug|Any CPU
		{BEF38739-533D-4AB5-B1A0-2454CDCF509D}.Debug|Any CPU.Build.0 = Debug|Any CPU
		{BEF38739-533D-4AB5-B1A0-2454CDCF509D}.Debug|Any CPU.Deploy.0 = Debug|Any CPU
		{BEF38739-533D-4AB5-B1A0-2454CDCF509D}.Release|Any CPU.ActiveCfg = Release|Any CPU
		{BEF38739-533D-4AB5-B1A0-2454CDCF509D}.Release|Any CPU.Build.0 = Release|Any CPU
		{BEF38739-533D-4AB5-B1A0-2454CDCF509D}.Release|Any CPU.Deploy.0 = Release|Any CPU
	EndGlobalSection
	GlobalSection(SolutionProperties) = preSolution
		HideSolutionNode = FALSE
	EndGlobalSection
	GlobalSection(ExtensibilityGlobals) = postSolution
		SolutionGuid = {80379B23-BEFD-467D-9131-085A7DFB0E3B}
	EndGlobalSection
EndGlobal
